
Microsoft Visual Studio Solution File, Format Version 12.00
# Visual Studio Version 17
VisualStudioVersion = 17.0.32126.317
MinimumVisualStudioVersion = 10.0.40219.1
Project("{8BC9CEB8-8B4A-11D0-8D11-00A0C91BC942}") = "Hypoinput", "Hypoinput\Hypoinput.vcxproj", "{1E672195-F1D7-42F4-A1EB-7D53CBFD4061}"
EndProject
Project("{54435603-DBB4-11D2-8724-00A0C9A8B90C}") = "installer", "installer\installer.vdproj", "{AEC4F82B-AAD2-47A3-81AF-26502C929E1D}"
EndProject
Project("{8BC9CEB8-8B4A-11D0-8D11-00A0C91BC942}") = "tests", "tests\tests.vcxproj", "{271BF2D4-E657-414B-B9DE-BA8F3A6C3F45}"
EndProject
Project("{8BC9CEB8-8B4A-11D0-8D11-00A0C91BC942}") = "lib", "lib\lib.vcxproj", "{0223DCF3-F5AA-496C-8863-4209F70AD0B8}"
EndProject
Project("{8BC9CEB8-8B4A-11D0-8D11-00A0C91BC942}") = "updater", "updater\updater.vcxproj", "{913E6E5A-32F5-4935-A1DA-F2F929663695}"
EndProject
Global
	GlobalSection(SolutionConfigurationPlatforms) = preSolution
		Debug|x64 = Debug|x64
		Debug|x86 = Debug|x86
		Release|x64 = Release|x64
		Release|x86 = Release|x86
	EndGlobalSection
	GlobalSection(ProjectConfigurationPlatforms) = postSolution
		{1E672195-F1D7-42F4-A1EB-7D53CBFD4061}.Debug|x64.ActiveCfg = Debug|x64
		{1E672195-F1D7-42F4-A1EB-7D53CBFD4061}.Debug|x64.Build.0 = Debug|x64
		{1E672195-F1D7-42F4-A1EB-7D53CBFD4061}.Debug|x86.ActiveCfg = Debug|Win32
		{1E672195-F1D7-42F4-A1EB-7D53CBFD4061}.Debug|x86.Build.0 = Debug|Win32
		{1E672195-F1D7-42F4-A1EB-7D53CBFD4061}.Release|x64.ActiveCfg = Release|x64
		{1E672195-F1D7-42F4-A1EB-7D53CBFD4061}.Release|x64.Build.0 = Release|x64
		{1E672195-F1D7-42F4-A1EB-7D53CBFD4061}.Release|x86.ActiveCfg = Release|Win32
		{1E672195-F1D7-42F4-A1EB-7D53CBFD4061}.Release|x86.Build.0 = Release|Win32
		{AEC4F82B-AAD2-47A3-81AF-26502C929E1D}.Debug|x64.ActiveCfg = Debug
		{AEC4F82B-AAD2-47A3-81AF-26502C929E1D}.Debug|x64.Build.0 = Debug
		{AEC4F82B-AAD2-47A3-81AF-26502C929E1D}.Debug|x86.ActiveCfg = Debug
		{AEC4F82B-AAD2-47A3-81AF-26502C929E1D}.Release|x64.ActiveCfg = Release
		{AEC4F82B-AAD2-47A3-81AF-26502C929E1D}.Release|x64.Build.0 = Release
		{AEC4F82B-AAD2-47A3-81AF-26502C929E1D}.Release|x86.ActiveCfg = Release
		{271BF2D4-E657-414B-B9DE-BA8F3A6C3F45}.Debug|x64.ActiveCfg = Debug|x64
		{271BF2D4-E657-414B-B9DE-BA8F3A6C3F45}.Debug|x64.Build.0 = Debug|x64
		{271BF2D4-E657-414B-B9DE-BA8F3A6C3F45}.Debug|x86.ActiveCfg = Debug|Win32
		{271BF2D4-E657-414B-B9DE-BA8F3A6C3F45}.Debug|x86.Build.0 = Debug|Win32
		{271BF2D4-E657-414B-B9DE-BA8F3A6C3F45}.Release|x64.ActiveCfg = Release|x64
		{271BF2D4-E657-414B-B9DE-BA8F3A6C3F45}.Release|x64.Build.0 = Release|x64
		{271BF2D4-E657-414B-B9DE-BA8F3A6C3F45}.Release|x86.ActiveCfg = Release|Win32
		{271BF2D4-E657-414B-B9DE-BA8F3A6C3F45}.Release|x86.Build.0 = Release|Win32
		{0223DCF3-F5AA-496C-8863-4209F70AD0B8}.Debug|x64.ActiveCfg = Debug|x64
		{0223DCF3-F5AA-496C-8863-4209F70AD0B8}.Debug|x64.Build.0 = Debug|x64
		{0223DCF3-F5AA-496C-8863-4209F70AD0B8}.Debug|x86.ActiveCfg = Debug|Win32
		{0223DCF3-F5AA-496C-8863-4209F70AD0B8}.Debug|x86.Build.0 = Debug|Win32
		{0223DCF3-F5AA-496C-8863-4209F70AD0B8}.Release|x64.ActiveCfg = Release|x64
		{0223DCF3-F5AA-496C-8863-4209F70AD0B8}.Release|x64.Build.0 = Release|x64
		{0223DCF3-F5AA-496C-8863-4209F70AD0B8}.Release|x86.ActiveCfg = Release|Win32
		{0223DCF3-F5AA-496C-8863-4209F70AD0B8}.Release|x86.Build.0 = Release|Win32
		{913E6E5A-32F5-4935-A1DA-F2F929663695}.Debug|x64.ActiveCfg = Debug|x64
		{913E6E5A-32F5-4935-A1DA-F2F929663695}.Debug|x64.Build.0 = Debug|x64
		{913E6E5A-32F5-4935-A1DA-F2F929663695}.Debug|x86.ActiveCfg = Debug|Win32
		{913E6E5A-32F5-4935-A1DA-F2F929663695}.Debug|x86.Build.0 = Debug|Win32
		{913E6E5A-32F5-4935-A1DA-F2F929663695}.Release|x64.ActiveCfg = Release|x64
		{913E6E5A-32F5-4935-A1DA-F2F929663695}.Release|x64.Build.0 = Release|x64
		{913E6E5A-32F5-4935-A1DA-F2F929663695}.Release|x86.ActiveCfg = Release|Win32
		{913E6E5A-32F5-4935-A1DA-F2F929663695}.Release|x86.Build.0 = Release|Win32
	EndGlobalSection
	GlobalSection(SolutionProperties) = preSolution
		HideSolutionNode = FALSE
	EndGlobalSection
	GlobalSection(ExtensibilityGlobals) = postSolution
		SolutionGuid = {F0BF6687-B40E-45F8-A1C8-10D696254659}
	EndGlobalSection
EndGlobal
